
Microsoft Visual Studio Solution File, Format Version 12.00
# Visual Studio Version 16
VisualStudioVersion = 16.0.29123.88
MinimumVisualStudioVersion = 10.0.40219.1
Project("{FAE04EC0-301F-11D3-BF4B-00C04F79EFBC}") = "ProductsApp", "ProductsApp.csproj", "{101F26B6-495E-48D5-8FFF-CAF685E78678}"
EndProject
Global
	GlobalSection(SolutionConfigurationPlatforms) = preSolution
		Debug|Any CPU = Debug|Any CPU
		Release|Any CPU = Release|Any CPU
	EndGlobalSection
	GlobalSection(ProjectConfigurationPlatforms) = postSolution
		{101F26B6-495E-48D5-8FFF-CAF685E78678}.Debug|Any CPU.ActiveCfg = Debug|Any CPU
		{101F26B6-495E-48D5-8FFF-CAF685E78678}.Debug|Any CPU.Build.0 = Debug|Any CPU
		{101F26B6-495E-48D5-8FFF-CAF685E78678}.Release|Any CPU.ActiveCfg = Release|Any CPU
		{101F26B6-495E-48D5-8FFF-CAF685E78678}.Release|Any CPU.Build.0 = Release|Any CPU
	EndGlobalSection
	GlobalSection(SolutionProperties) = preSolution
		HideSolutionNode = FALSE
	EndGlobalSection
	GlobalSection(ExtensibilityGlobals) = postSolution
		SolutionGuid = {6ECAD314-9A9E-4A9A-B85E-671A2C0DF7CC}
	EndGlobalSection
EndGlobal
