
Microsoft Visual Studio Solution File, Format Version 12.00
# Visual Studio Version 16
VisualStudioVersion = 16.0.29123.88
MinimumVisualStudioVersion = 10.0.40219.1
Project("{FAE04EC0-301F-11D3-BF4B-00C04F79EFBC}") = "State-Demo", "State-Demo.csproj", "{313CF220-C028-455D-8CDA-529E2B4AC1EF}"
EndProject
Global
	GlobalSection(SolutionConfigurationPlatforms) = preSolution
		Debug|Any CPU = Debug|Any CPU
		Release|Any CPU = Release|Any CPU
	EndGlobalSection
	GlobalSection(ProjectConfigurationPlatforms) = postSolution
		{313CF220-C028-455D-8CDA-529E2B4AC1EF}.Debug|Any CPU.ActiveCfg = Debug|Any CPU
		{313CF220-C028-455D-8CDA-529E2B4AC1EF}.Debug|Any CPU.Build.0 = Debug|Any CPU
		{313CF220-C028-455D-8CDA-529E2B4AC1EF}.Release|Any CPU.ActiveCfg = Release|Any CPU
		{313CF220-C028-455D-8CDA-529E2B4AC1EF}.Release|Any CPU.Build.0 = Release|Any CPU
	EndGlobalSection
	GlobalSection(SolutionProperties) = preSolution
		HideSolutionNode = FALSE
	EndGlobalSection
	GlobalSection(ExtensibilityGlobals) = postSolution
		SolutionGuid = {4A0FDC9F-3C4A-4186-85DE-9235C1667FFF}
	EndGlobalSection
EndGlobal
